<?xml version="1.0" encoding="UTF-8"?>
<Project ToolsVersion="4.0" xmlns="http://schemas.microsoft.com/developer/msbuild/2003">
  <ItemGroup>
    <CustomBuild Include="CMakeFiles\4822e2bc6cc1b390998dedf19cf72cb6\generate.stamp.rule">
      <Filter>CMake Rules</Filter>
    </CustomBuild>
  </ItemGroup>
  <ItemGroup>
    <Filter Include="CMake Rules">
      <UniqueIdentifier>{EA037E2B-D890-3530-BB93-559DBF748AE0}</UniqueIdentifier>
    </Filter>
  </ItemGroup>
</Project>
